
Microsoft Visual Studio Solution File, Format Version 12.00
# Visual Studio Version 16
VisualStudioVersion = 16.0.30621.155
MinimumVisualStudioVersion = 10.0.40219.1
Project("{FAE04EC0-301F-11D3-BF4B-00C04F79EFBC}") = "Level 4", "Level 4\Level 4.csproj", "{69347E01-B16D-4FEB-B11D-6E06252736E3}"
EndProject
Global
	GlobalSection(SolutionConfigurationPlatforms) = preSolution
		Debug|Any CPU = Debug|Any CPU
		Release|Any CPU = Release|Any CPU
	EndGlobalSection
	GlobalSection(ProjectConfigurationPlatforms) = postSolution
		{69347E01-B16D-4FEB-B11D-6E06252736E3}.Debug|Any CPU.ActiveCfg = Debug|Any CPU
		{69347E01-B16D-4FEB-B11D-6E06252736E3}.Debug|Any CPU.Build.0 = Debug|Any CPU
		{69347E01-B16D-4FEB-B11D-6E06252736E3}.Release|Any CPU.ActiveCfg = Release|Any CPU
		{69347E01-B16D-4FEB-B11D-6E06252736E3}.Release|Any CPU.Build.0 = Release|Any CPU
	EndGlobalSection
	GlobalSection(SolutionProperties) = preSolution
		HideSolutionNode = FALSE
	EndGlobalSection
	GlobalSection(ExtensibilityGlobals) = postSolution
		SolutionGuid = {36985EB1-B65A-4AAB-9403-9ADACE8AF115}
	EndGlobalSection
EndGlobal
